// !$*UTF8*$!
{
	archiveVersion = 1;
	classes = {
	};
	objectVersion = 46;
	objects = {

/* Begin PBXBuildFile section */
		2403CEAD1F0F3669001713F1 /* CampaignService.swift in Sources */ = {isa = PBXBuildFile; fileRef = 2403CEAC1F0F3669001713F1 /* CampaignService.swift */; };
		2435915C1F0AB9A80005039E /* AuthService.swift in Sources */ = {isa = PBXBuildFile; fileRef = 2435915B1F0AB9A80005039E /* AuthService.swift */; };
		2435915E1F0AB9FB0005039E /* Constants.swift in Sources */ = {isa = PBXBuildFile; fileRef = 2435915D1F0AB9FB0005039E /* Constants.swift */; };
		243591601F0AC3450005039E /* LoginViewController.swift in Sources */ = {isa = PBXBuildFile; fileRef = 2435915F1F0AC3450005039E /* LoginViewController.swift */; };
		249FE33C1F09B5C100B9F3F0 /* AppDelegate.swift in Sources */ = {isa = PBXBuildFile; fileRef = 249FE33B1F09B5C100B9F3F0 /* AppDelegate.swift */; };
		249FE3431F09B5C100B9F3F0 /* Main.storyboard in Resources */ = {isa = PBXBuildFile; fileRef = 249FE3411F09B5C100B9F3F0 /* Main.storyboard */; };
		249FE3451F09B5C100B9F3F0 /* Assets.xcassets in Resources */ = {isa = PBXBuildFile; fileRef = 249FE3441F09B5C100B9F3F0 /* Assets.xcassets */; };
		249FE3481F09B5C100B9F3F0 /* LaunchScreen.storyboard in Resources */ = {isa = PBXBuildFile; fileRef = 249FE3461F09B5C100B9F3F0 /* LaunchScreen.storyboard */; };
		249FE3531F09B5C100B9F3F0 /* MGTests.swift in Sources */ = {isa = PBXBuildFile; fileRef = 249FE3521F09B5C100B9F3F0 /* MGTests.swift */; };
		249FE35E1F09B5C100B9F3F0 /* MGUITests.swift in Sources */ = {isa = PBXBuildFile; fileRef = 249FE35D1F09B5C100B9F3F0 /* MGUITests.swift */; };
		266578F33EE15134F35423B5 /* Pods_MG.framework in Frameworks */ = {isa = PBXBuildFile; fileRef = FB96640661412E4F7959EB40 /* Pods_MG.framework */; };
		2C03B0441F0DD36C00604BB0 /* CampaignIndexTableViewController.swift in Sources */ = {isa = PBXBuildFile; fileRef = 2C03B0431F0DD36C00604BB0 /* CampaignIndexTableViewController.swift */; };
		2C03B0461F0DD3A900604BB0 /* CampaignIndexTableViewCell.swift in Sources */ = {isa = PBXBuildFile; fileRef = 2C03B0451F0DD3A900604BB0 /* CampaignIndexTableViewCell.swift */; };
		2C03B0481F0DD46200604BB0 /* Campaign.swift in Sources */ = {isa = PBXBuildFile; fileRef = 2C03B0471F0DD46200604BB0 /* Campaign.swift */; };
/* End PBXBuildFile section */

/* Begin PBXContainerItemProxy section */
		249FE34F1F09B5C100B9F3F0 /* PBXContainerItemProxy */ = {
			isa = PBXContainerItemProxy;
			containerPortal = 249FE3301F09B5C100B9F3F0 /* Project object */;
			proxyType = 1;
			remoteGlobalIDString = 249FE3371F09B5C100B9F3F0;
			remoteInfo = MG;
		};
		249FE35A1F09B5C100B9F3F0 /* PBXContainerItemProxy */ = {
			isa = PBXContainerItemProxy;
			containerPortal = 249FE3301F09B5C100B9F3F0 /* Project object */;
			proxyType = 1;
			remoteGlobalIDString = 249FE3371F09B5C100B9F3F0;
			remoteInfo = MG;
		};
/* End PBXContainerItemProxy section */

/* Begin PBXFileReference section */
		2403CEAC1F0F3669001713F1 /* CampaignService.swift */ = {isa = PBXFileReference; fileEncoding = 4; lastKnownFileType = sourcecode.swift; path = CampaignService.swift; sourceTree = "<group>"; };
		2435915B1F0AB9A80005039E /* AuthService.swift */ = {isa = PBXFileReference; fileEncoding = 4; lastKnownFileType = sourcecode.swift; path = AuthService.swift; sourceTree = "<group>"; };
		2435915D1F0AB9FB0005039E /* Constants.swift */ = {isa = PBXFileReference; fileEncoding = 4; lastKnownFileType = sourcecode.swift; path = Constants.swift; sourceTree = "<group>"; };
		2435915F1F0AC3450005039E /* LoginViewController.swift */ = {isa = PBXFileReference; fileEncoding = 4; lastKnownFileType = sourcecode.swift; path = LoginViewController.swift; sourceTree = "<group>"; };
		249FE3381F09B5C100B9F3F0 /* MG.app */ = {isa = PBXFileReference; explicitFileType = wrapper.application; includeInIndex = 0; path = MG.app; sourceTree = BUILT_PRODUCTS_DIR; };
		249FE33B1F09B5C100B9F3F0 /* AppDelegate.swift */ = {isa = PBXFileReference; lastKnownFileType = sourcecode.swift; path = AppDelegate.swift; sourceTree = "<group>"; };
		249FE3421F09B5C100B9F3F0 /* Base */ = {isa = PBXFileReference; lastKnownFileType = file.storyboard; name = Base; path = Base.lproj/Main.storyboard; sourceTree = "<group>"; };
		249FE3441F09B5C100B9F3F0 /* Assets.xcassets */ = {isa = PBXFileReference; lastKnownFileType = folder.assetcatalog; path = Assets.xcassets; sourceTree = "<group>"; };
		249FE3471F09B5C100B9F3F0 /* Base */ = {isa = PBXFileReference; lastKnownFileType = file.storyboard; name = Base; path = Base.lproj/LaunchScreen.storyboard; sourceTree = "<group>"; };
		249FE3491F09B5C100B9F3F0 /* Info.plist */ = {isa = PBXFileReference; lastKnownFileType = text.plist.xml; path = Info.plist; sourceTree = "<group>"; };
		249FE34E1F09B5C100B9F3F0 /* MGTests.xctest */ = {isa = PBXFileReference; explicitFileType = wrapper.cfbundle; includeInIndex = 0; path = MGTests.xctest; sourceTree = BUILT_PRODUCTS_DIR; };
		249FE3521F09B5C100B9F3F0 /* MGTests.swift */ = {isa = PBXFileReference; lastKnownFileType = sourcecode.swift; path = MGTests.swift; sourceTree = "<group>"; };
		249FE3541F09B5C100B9F3F0 /* Info.plist */ = {isa = PBXFileReference; lastKnownFileType = text.plist.xml; path = Info.plist; sourceTree = "<group>"; };
		249FE3591F09B5C100B9F3F0 /* MGUITests.xctest */ = {isa = PBXFileReference; explicitFileType = wrapper.cfbundle; includeInIndex = 0; path = MGUITests.xctest; sourceTree = BUILT_PRODUCTS_DIR; };
		249FE35D1F09B5C100B9F3F0 /* MGUITests.swift */ = {isa = PBXFileReference; lastKnownFileType = sourcecode.swift; path = MGUITests.swift; sourceTree = "<group>"; };
		249FE35F1F09B5C100B9F3F0 /* Info.plist */ = {isa = PBXFileReference; lastKnownFileType = text.plist.xml; path = Info.plist; sourceTree = "<group>"; };
		2C03B0431F0DD36C00604BB0 /* CampaignIndexTableViewController.swift */ = {isa = PBXFileReference; fileEncoding = 4; lastKnownFileType = sourcecode.swift; path = CampaignIndexTableViewController.swift; sourceTree = "<group>"; };
		2C03B0451F0DD3A900604BB0 /* CampaignIndexTableViewCell.swift */ = {isa = PBXFileReference; fileEncoding = 4; lastKnownFileType = sourcecode.swift; path = CampaignIndexTableViewCell.swift; sourceTree = "<group>"; };
		2C03B0471F0DD46200604BB0 /* Campaign.swift */ = {isa = PBXFileReference; fileEncoding = 4; lastKnownFileType = sourcecode.swift; path = Campaign.swift; sourceTree = "<group>"; };
		8E42C50B73D150C9C7E88395 /* Pods-MG.debug.xcconfig */ = {isa = PBXFileReference; includeInIndex = 1; lastKnownFileType = text.xcconfig; name = "Pods-MG.debug.xcconfig"; path = "Pods/Target Support Files/Pods-MG/Pods-MG.debug.xcconfig"; sourceTree = "<group>"; };
		EB4F9A7708582DA6A12A9BFC /* Pods-MG.release.xcconfig */ = {isa = PBXFileReference; includeInIndex = 1; lastKnownFileType = text.xcconfig; name = "Pods-MG.release.xcconfig"; path = "Pods/Target Support Files/Pods-MG/Pods-MG.release.xcconfig"; sourceTree = "<group>"; };
		FB96640661412E4F7959EB40 /* Pods_MG.framework */ = {isa = PBXFileReference; explicitFileType = wrapper.framework; includeInIndex = 0; path = Pods_MG.framework; sourceTree = BUILT_PRODUCTS_DIR; };
/* End PBXFileReference section */

/* Begin PBXFrameworksBuildPhase section */
		249FE3351F09B5C100B9F3F0 /* Frameworks */ = {
			isa = PBXFrameworksBuildPhase;
			buildActionMask = 2147483647;
			files = (
				266578F33EE15134F35423B5 /* Pods_MG.framework in Frameworks */,
			);
			runOnlyForDeploymentPostprocessing = 0;
		};
		249FE34B1F09B5C100B9F3F0 /* Frameworks */ = {
			isa = PBXFrameworksBuildPhase;
			buildActionMask = 2147483647;
			files = (
			);
			runOnlyForDeploymentPostprocessing = 0;
		};
		249FE3561F09B5C100B9F3F0 /* Frameworks */ = {
			isa = PBXFrameworksBuildPhase;
			buildActionMask = 2147483647;
			files = (
			);
			runOnlyForDeploymentPostprocessing = 0;
		};
/* End PBXFrameworksBuildPhase section */

/* Begin PBXGroup section */
		243591581F0AB7930005039E /* Controllers */ = {
			isa = PBXGroup;
			children = (
				2435915F1F0AC3450005039E /* LoginViewController.swift */,
				2C03B0431F0DD36C00604BB0 /* CampaignIndexTableViewController.swift */,
				2C03B0451F0DD3A900604BB0 /* CampaignIndexTableViewCell.swift */,
			);
			name = Controllers;
			sourceTree = "<group>";
		};
		243591591F0AB7A20005039E /* Models */ = {
			isa = PBXGroup;
			children = (
				2C03B0471F0DD46200604BB0 /* Campaign.swift */,
			);
			name = Models;
			sourceTree = "<group>";
		};
		2435915A1F0AB7A80005039E /* Services */ = {
			isa = PBXGroup;
			children = (
				2435915B1F0AB9A80005039E /* AuthService.swift */,
				2403CEAC1F0F3669001713F1 /* CampaignService.swift */,
			);
			name = Services;
			sourceTree = "<group>";
		};
		249FE32F1F09B5C100B9F3F0 = {
			isa = PBXGroup;
			children = (
				249FE33A1F09B5C100B9F3F0 /* MG */,
				249FE3511F09B5C100B9F3F0 /* MGTests */,
				249FE35C1F09B5C100B9F3F0 /* MGUITests */,
				249FE3391F09B5C100B9F3F0 /* Products */,
				7D5617BE1ABB520DB69806A2 /* Pods */,
				FF76819202FFE59E8F7E1071 /* Frameworks */,
			);
			sourceTree = "<group>";
		};
		249FE3391F09B5C100B9F3F0 /* Products */ = {
			isa = PBXGroup;
			children = (
				249FE3381F09B5C100B9F3F0 /* MG.app */,
				249FE34E1F09B5C100B9F3F0 /* MGTests.xctest */,
				249FE3591F09B5C100B9F3F0 /* MGUITests.xctest */,
			);
			name = Products;
			sourceTree = "<group>";
		};
		249FE33A1F09B5C100B9F3F0 /* MG */ = {
			isa = PBXGroup;
			children = (
				2435915A1F0AB7A80005039E /* Services */,
				243591591F0AB7A20005039E /* Models */,
				243591581F0AB7930005039E /* Controllers */,
				249FE33B1F09B5C100B9F3F0 /* AppDelegate.swift */,
				249FE3411F09B5C100B9F3F0 /* Main.storyboard */,
				249FE3441F09B5C100B9F3F0 /* Assets.xcassets */,
				249FE3461F09B5C100B9F3F0 /* LaunchScreen.storyboard */,
				249FE3491F09B5C100B9F3F0 /* Info.plist */,
				2435915D1F0AB9FB0005039E /* Constants.swift */,
			);
			path = MG;
			sourceTree = "<group>";
		};
		249FE3511F09B5C100B9F3F0 /* MGTests */ = {
			isa = PBXGroup;
			children = (
				249FE3521F09B5C100B9F3F0 /* MGTests.swift */,
				249FE3541F09B5C100B9F3F0 /* Info.plist */,
			);
			path = MGTests;
			sourceTree = "<group>";
		};
		249FE35C1F09B5C100B9F3F0 /* MGUITests */ = {
			isa = PBXGroup;
			children = (
				249FE35D1F09B5C100B9F3F0 /* MGUITests.swift */,
				249FE35F1F09B5C100B9F3F0 /* Info.plist */,
			);
			path = MGUITests;
			sourceTree = "<group>";
		};
		7D5617BE1ABB520DB69806A2 /* Pods */ = {
			isa = PBXGroup;
			children = (
				8E42C50B73D150C9C7E88395 /* Pods-MG.debug.xcconfig */,
				EB4F9A7708582DA6A12A9BFC /* Pods-MG.release.xcconfig */,
			);
			name = Pods;
			sourceTree = "<group>";
		};
		FF76819202FFE59E8F7E1071 /* Frameworks */ = {
			isa = PBXGroup;
			children = (
				FB96640661412E4F7959EB40 /* Pods_MG.framework */,
			);
			name = Frameworks;
			sourceTree = "<group>";
		};
/* End PBXGroup section */

/* Begin PBXNativeTarget section */
		249FE3371F09B5C100B9F3F0 /* MG */ = {
			isa = PBXNativeTarget;
			buildConfigurationList = 249FE3621F09B5C100B9F3F0 /* Build configuration list for PBXNativeTarget "MG" */;
			buildPhases = (
				B3CCA4CEFF983441486C780E /* [CP] Check Pods Manifest.lock */,
				249FE3341F09B5C100B9F3F0 /* Sources */,
				249FE3351F09B5C100B9F3F0 /* Frameworks */,
				249FE3361F09B5C100B9F3F0 /* Resources */,
				16C5115C1CCB31E184BB8553 /* [CP] Embed Pods Frameworks */,
				5CF4B226E3EF767916AFB0EF /* [CP] Copy Pods Resources */,
			);
			buildRules = (
			);
			dependencies = (
			);
			name = MG;
			productName = MG;
			productReference = 249FE3381F09B5C100B9F3F0 /* MG.app */;
			productType = "com.apple.product-type.application";
		};
		249FE34D1F09B5C100B9F3F0 /* MGTests */ = {
			isa = PBXNativeTarget;
			buildConfigurationList = 249FE3651F09B5C100B9F3F0 /* Build configuration list for PBXNativeTarget "MGTests" */;
			buildPhases = (
				249FE34A1F09B5C100B9F3F0 /* Sources */,
				249FE34B1F09B5C100B9F3F0 /* Frameworks */,
				249FE34C1F09B5C100B9F3F0 /* Resources */,
			);
			buildRules = (
			);
			dependencies = (
				249FE3501F09B5C100B9F3F0 /* PBXTargetDependency */,
			);
			name = MGTests;
			productName = MGTests;
			productReference = 249FE34E1F09B5C100B9F3F0 /* MGTests.xctest */;
			productType = "com.apple.product-type.bundle.unit-test";
		};
		249FE3581F09B5C100B9F3F0 /* MGUITests */ = {
			isa = PBXNativeTarget;
			buildConfigurationList = 249FE3681F09B5C100B9F3F0 /* Build configuration list for PBXNativeTarget "MGUITests" */;
			buildPhases = (
				249FE3551F09B5C100B9F3F0 /* Sources */,
				249FE3561F09B5C100B9F3F0 /* Frameworks */,
				249FE3571F09B5C100B9F3F0 /* Resources */,
			);
			buildRules = (
			);
			dependencies = (
				249FE35B1F09B5C100B9F3F0 /* PBXTargetDependency */,
			);
			name = MGUITests;
			productName = MGUITests;
			productReference = 249FE3591F09B5C100B9F3F0 /* MGUITests.xctest */;
			productType = "com.apple.product-type.bundle.ui-testing";
		};
/* End PBXNativeTarget section */

/* Begin PBXProject section */
		249FE3301F09B5C100B9F3F0 /* Project object */ = {
			isa = PBXProject;
			attributes = {
				LastSwiftUpdateCheck = 0830;
				LastUpgradeCheck = 0830;
				ORGANIZATIONNAME = "Tyler Bank";
				TargetAttributes = {
					249FE3371F09B5C100B9F3F0 = {
						CreatedOnToolsVersion = 8.3.3;
						DevelopmentTeam = 5F36D52DA2;
						ProvisioningStyle = Automatic;
					};
					249FE34D1F09B5C100B9F3F0 = {
						CreatedOnToolsVersion = 8.3.3;
						ProvisioningStyle = Automatic;
						TestTargetID = 249FE3371F09B5C100B9F3F0;
					};
					249FE3581F09B5C100B9F3F0 = {
						CreatedOnToolsVersion = 8.3.3;
						ProvisioningStyle = Automatic;
						TestTargetID = 249FE3371F09B5C100B9F3F0;
					};
				};
			};
			buildConfigurationList = 249FE3331F09B5C100B9F3F0 /* Build configuration list for PBXProject "MG" */;
			compatibilityVersion = "Xcode 3.2";
			developmentRegion = English;
			hasScannedForEncodings = 0;
			knownRegions = (
				en,
				Base,
			);
			mainGroup = 249FE32F1F09B5C100B9F3F0;
			productRefGroup = 249FE3391F09B5C100B9F3F0 /* Products */;
			projectDirPath = "";
			projectRoot = "";
			targets = (
				249FE3371F09B5C100B9F3F0 /* MG */,
				249FE34D1F09B5C100B9F3F0 /* MGTests */,
				249FE3581F09B5C100B9F3F0 /* MGUITests */,
			);
		};
/* End PBXProject section */

/* Begin PBXResourcesBuildPhase section */
		249FE3361F09B5C100B9F3F0 /* Resources */ = {
			isa = PBXResourcesBuildPhase;
			buildActionMask = 2147483647;
			files = (
				249FE3481F09B5C100B9F3F0 /* LaunchScreen.storyboard in Resources */,
				249FE3451F09B5C100B9F3F0 /* Assets.xcassets in Resources */,
				249FE3431F09B5C100B9F3F0 /* Main.storyboard in Resources */,
			);
			runOnlyForDeploymentPostprocessing = 0;
		};
		249FE34C1F09B5C100B9F3F0 /* Resources */ = {
			isa = PBXResourcesBuildPhase;
			buildActionMask = 2147483647;
			files = (
			);
			runOnlyForDeploymentPostprocessing = 0;
		};
		249FE3571F09B5C100B9F3F0 /* Resources */ = {
			isa = PBXResourcesBuildPhase;
			buildActionMask = 2147483647;
			files = (
			);
			runOnlyForDeploymentPostprocessing = 0;
		};
/* End PBXResourcesBuildPhase section */

/* Begin PBXShellScriptBuildPhase section */
		16C5115C1CCB31E184BB8553 /* [CP] Embed Pods Frameworks */ = {
			isa = PBXShellScriptBuildPhase;
			buildActionMask = 2147483647;
			files = (
			);
			inputPaths = (
			);
			name = "[CP] Embed Pods Frameworks";
			outputPaths = (
			);
			runOnlyForDeploymentPostprocessing = 0;
			shellPath = /bin/sh;
			shellScript = "\"${SRCROOT}/Pods/Target Support Files/Pods-MG/Pods-MG-frameworks.sh\"\n";
			showEnvVarsInLog = 0;
		};
		5CF4B226E3EF767916AFB0EF /* [CP] Copy Pods Resources */ = {
			isa = PBXShellScriptBuildPhase;
			buildActionMask = 2147483647;
			files = (
			);
			inputPaths = (
			);
			name = "[CP] Copy Pods Resources";
			outputPaths = (
			);
			runOnlyForDeploymentPostprocessing = 0;
			shellPath = /bin/sh;
			shellScript = "\"${SRCROOT}/Pods/Target Support Files/Pods-MG/Pods-MG-resources.sh\"\n";
			showEnvVarsInLog = 0;
		};
		B3CCA4CEFF983441486C780E /* [CP] Check Pods Manifest.lock */ = {
			isa = PBXShellScriptBuildPhase;
			buildActionMask = 2147483647;
			files = (
			);
			inputPaths = (
			);
			name = "[CP] Check Pods Manifest.lock";
			outputPaths = (
			);
			runOnlyForDeploymentPostprocessing = 0;
			shellPath = /bin/sh;
			shellScript = "diff \"${PODS_PODFILE_DIR_PATH}/Podfile.lock\" \"${PODS_ROOT}/Manifest.lock\" > /dev/null\nif [ $? != 0 ] ; then\n    # print error to STDERR\n    echo \"error: The sandbox is not in sync with the Podfile.lock. Run 'pod install' or update your CocoaPods installation.\" >&2\n    exit 1\nfi\n";
			showEnvVarsInLog = 0;
		};
/* End PBXShellScriptBuildPhase section */

/* Begin PBXSourcesBuildPhase section */
		249FE3341F09B5C100B9F3F0 /* Sources */ = {
			isa = PBXSourcesBuildPhase;
			buildActionMask = 2147483647;
			files = (
				243591601F0AC3450005039E /* LoginViewController.swift in Sources */,
				2403CEAD1F0F3669001713F1 /* CampaignService.swift in Sources */,
				2435915E1F0AB9FB0005039E /* Constants.swift in Sources */,
				2C03B0481F0DD46200604BB0 /* Campaign.swift in Sources */,
				249FE33C1F09B5C100B9F3F0 /* AppDelegate.swift in Sources */,
				2C03B0441F0DD36C00604BB0 /* CampaignIndexTableViewController.swift in Sources */,
				2C03B0461F0DD3A900604BB0 /* CampaignIndexTableViewCell.swift in Sources */,
				2435915C1F0AB9A80005039E /* AuthService.swift in Sources */,
			);
			runOnlyForDeploymentPostprocessing = 0;
		};
		249FE34A1F09B5C100B9F3F0 /* Sources */ = {
			isa = PBXSourcesBuildPhase;
			buildActionMask = 2147483647;
			files = (
				249FE3531F09B5C100B9F3F0 /* MGTests.swift in Sources */,
			);
			runOnlyForDeploymentPostprocessing = 0;
		};
		249FE3551F09B5C100B9F3F0 /* Sources */ = {
			isa = PBXSourcesBuildPhase;
			buildActionMask = 2147483647;
			files = (
				249FE35E1F09B5C100B9F3F0 /* MGUITests.swift in Sources */,
			);
			runOnlyForDeploymentPostprocessing = 0;
		};
/* End PBXSourcesBuildPhase section */

/* Begin PBXTargetDependency section */
		249FE3501F09B5C100B9F3F0 /* PBXTargetDependency */ = {
			isa = PBXTargetDependency;
			target = 249FE3371F09B5C100B9F3F0 /* MG */;
			targetProxy = 249FE34F1F09B5C100B9F3F0 /* PBXContainerItemProxy */;
		};
		249FE35B1F09B5C100B9F3F0 /* PBXTargetDependency */ = {
			isa = PBXTargetDependency;
			target = 249FE3371F09B5C100B9F3F0 /* MG */;
			targetProxy = 249FE35A1F09B5C100B9F3F0 /* PBXContainerItemProxy */;
		};
/* End PBXTargetDependency section */

/* Begin PBXVariantGroup section */
		249FE3411F09B5C100B9F3F0 /* Main.storyboard */ = {
			isa = PBXVariantGroup;
			children = (
				249FE3421F09B5C100B9F3F0 /* Base */,
			);
			name = Main.storyboard;
			sourceTree = "<group>";
		};
		249FE3461F09B5C100B9F3F0 /* LaunchScreen.storyboard */ = {
			isa = PBXVariantGroup;
			children = (
				249FE3471F09B5C100B9F3F0 /* Base */,
			);
			name = LaunchScreen.storyboard;
			sourceTree = "<group>";
		};
/* End PBXVariantGroup section */

/* Begin XCBuildConfiguration section */
		249FE3601F09B5C100B9F3F0 /* Debug */ = {
			isa = XCBuildConfiguration;
			buildSettings = {
				ALWAYS_SEARCH_USER_PATHS = NO;
				CLANG_ANALYZER_NONNULL = YES;
				CLANG_ANALYZER_NUMBER_OBJECT_CONVERSION = YES_AGGRESSIVE;
				CLANG_CXX_LANGUAGE_STANDARD = "gnu++0x";
				CLANG_CXX_LIBRARY = "libc++";
				CLANG_ENABLE_MODULES = YES;
				CLANG_ENABLE_OBJC_ARC = YES;
				CLANG_WARN_BOOL_CONVERSION = YES;
				CLANG_WARN_CONSTANT_CONVERSION = YES;
				CLANG_WARN_DIRECT_OBJC_ISA_USAGE = YES_ERROR;
				CLANG_WARN_DOCUMENTATION_COMMENTS = YES;
				CLANG_WARN_EMPTY_BODY = YES;
				CLANG_WARN_ENUM_CONVERSION = YES;
				CLANG_WARN_INFINITE_RECURSION = YES;
				CLANG_WARN_INT_CONVERSION = YES;
				CLANG_WARN_OBJC_ROOT_CLASS = YES_ERROR;
				CLANG_WARN_SUSPICIOUS_MOVE = YES;
				CLANG_WARN_UNREACHABLE_CODE = YES;
				CLANG_WARN__DUPLICATE_METHOD_MATCH = YES;
				"CODE_SIGN_IDENTITY[sdk=iphoneos*]" = "iPhone Developer";
				COPY_PHASE_STRIP = NO;
				DEBUG_INFORMATION_FORMAT = dwarf;
				ENABLE_STRICT_OBJC_MSGSEND = YES;
				ENABLE_TESTABILITY = YES;
				GCC_C_LANGUAGE_STANDARD = gnu99;
				GCC_DYNAMIC_NO_PIC = NO;
				GCC_NO_COMMON_BLOCKS = YES;
				GCC_OPTIMIZATION_LEVEL = 0;
				GCC_PREPROCESSOR_DEFINITIONS = (
					"DEBUG=1",
					"$(inherited)",
				);
				GCC_WARN_64_TO_32_BIT_CONVERSION = YES;
				GCC_WARN_ABOUT_RETURN_TYPE = YES_ERROR;
				GCC_WARN_UNDECLARED_SELECTOR = YES;
				GCC_WARN_UNINITIALIZED_AUTOS = YES_AGGRESSIVE;
				GCC_WARN_UNUSED_FUNCTION = YES;
				GCC_WARN_UNUSED_VARIABLE = YES;
				IPHONEOS_DEPLOYMENT_TARGET = 10.3;
				MTL_ENABLE_DEBUG_INFO = YES;
				ONLY_ACTIVE_ARCH = YES;
				SDKROOT = iphoneos;
				SWIFT_ACTIVE_COMPILATION_CONDITIONS = DEBUG;
				SWIFT_OPTIMIZATION_LEVEL = "-Onone";
			};
			name = Debug;
		};
		249FE3611F09B5C100B9F3F0 /* Release */ = {
			isa = XCBuildConfiguration;
			buildSettings = {
				ALWAYS_SEARCH_USER_PATHS = NO;
				CLANG_ANALYZER_NONNULL = YES;
				CLANG_ANALYZER_NUMBER_OBJECT_CONVERSION = YES_AGGRESSIVE;
				CLANG_CXX_LANGUAGE_STANDARD = "gnu++0x";
				CLANG_CXX_LIBRARY = "libc++";
				CLANG_ENABLE_MODULES = YES;
				CLANG_ENABLE_OBJC_ARC = YES;
				CLANG_WARN_BOOL_CONVERSION = YES;
				CLANG_WARN_CONSTANT_CONVERSION = YES;
				CLANG_WARN_DIRECT_OBJC_ISA_USAGE = YES_ERROR;
				CLANG_WARN_DOCUMENTATION_COMMENTS = YES;
				CLANG_WARN_EMPTY_BODY = YES;
				CLANG_WARN_ENUM_CONVERSION = YES;
				CLANG_WARN_INFINITE_RECURSION = YES;
				CLANG_WARN_INT_CONVERSION = YES;
				CLANG_WARN_OBJC_ROOT_CLASS = YES_ERROR;
				CLANG_WARN_SUSPICIOUS_MOVE = YES;
				CLANG_WARN_UNREACHABLE_CODE = YES;
				CLANG_WARN__DUPLICATE_METHOD_MATCH = YES;
				"CODE_SIGN_IDENTITY[sdk=iphoneos*]" = "iPhone Developer";
				COPY_PHASE_STRIP = NO;
				DEBUG_INFORMATION_FORMAT = "dwarf-with-dsym";
				ENABLE_NS_ASSERTIONS = NO;
				ENABLE_STRICT_OBJC_MSGSEND = YES;
				GCC_C_LANGUAGE_STANDARD = gnu99;
				GCC_NO_COMMON_BLOCKS = YES;
				GCC_WARN_64_TO_32_BIT_CONVERSION = YES;
				GCC_WARN_ABOUT_RETURN_TYPE = YES_ERROR;
				GCC_WARN_UNDECLARED_SELECTOR = YES;
				GCC_WARN_UNINITIALIZED_AUTOS = YES_AGGRESSIVE;
				GCC_WARN_UNUSED_FUNCTION = YES;
				GCC_WARN_UNUSED_VARIABLE = YES;
				IPHONEOS_DEPLOYMENT_TARGET = 10.3;
				MTL_ENABLE_DEBUG_INFO = NO;
				SDKROOT = iphoneos;
				SWIFT_OPTIMIZATION_LEVEL = "-Owholemodule";
				VALIDATE_PRODUCT = YES;
			};
			name = Release;
		};
		249FE3631F09B5C100B9F3F0 /* Debug */ = {
			isa = XCBuildConfiguration;
			baseConfigurationReference = 8E42C50B73D150C9C7E88395 /* Pods-MG.debug.xcconfig */;
			buildSettings = {
				ASSETCATALOG_COMPILER_APPICON_NAME = AppIcon;
				DEVELOPMENT_TEAM = 5F36D52DA2;
				INFOPLIST_FILE = MG/Info.plist;
				LD_RUNPATH_SEARCH_PATHS = "$(inherited) @executable_path/Frameworks";
				PRODUCT_BUNDLE_IDENTIFIER = "PeanutAndButterGames.MG-parker";
				PRODUCT_NAME = "$(TARGET_NAME)";
				SWIFT_VERSION = 3.0;
				TARGETED_DEVICE_FAMILY = 1;
			};
			name = Debug;
		};
		249FE3641F09B5C100B9F3F0 /* Release */ = {
			isa = XCBuildConfiguration;
			baseConfigurationReference = EB4F9A7708582DA6A12A9BFC /* Pods-MG.release.xcconfig */;
			buildSettings = {
				ASSETCATALOG_COMPILER_APPICON_NAME = AppIcon;
				DEVELOPMENT_TEAM = 5F36D52DA2;
				INFOPLIST_FILE = MG/Info.plist;
				LD_RUNPATH_SEARCH_PATHS = "$(inherited) @executable_path/Frameworks";
				PRODUCT_BUNDLE_IDENTIFIER = "PeanutAndButterGames.MG-parker";
				PRODUCT_NAME = "$(TARGET_NAME)";
				SWIFT_VERSION = 3.0;
				TARGETED_DEVICE_FAMILY = 1;
			};
			name = Release;
		};
		249FE3661F09B5C100B9F3F0 /* Debug */ = {
			isa = XCBuildConfiguration;
			buildSettings = {
				ALWAYS_EMBED_SWIFT_STANDARD_LIBRARIES = YES;
				BUNDLE_LOADER = "$(TEST_HOST)";
				INFOPLIST_FILE = MGTests/Info.plist;
				LD_RUNPATH_SEARCH_PATHS = "$(inherited) @executable_path/Frameworks @loader_path/Frameworks";
				PRODUCT_BUNDLE_IDENTIFIER = PeanutAndButterGames.MGTests;
				PRODUCT_NAME = "$(TARGET_NAME)";
				SWIFT_VERSION = 3.0;
				TEST_HOST = "$(BUILT_PRODUCTS_DIR)/MG.app/MG";
			};
			name = Debug;
		};
		249FE3671F09B5C100B9F3F0 /* Release */ = {
			isa = XCBuildConfiguration;
			buildSettings = {
				ALWAYS_EMBED_SWIFT_STANDARD_LIBRARIES = YES;
				BUNDLE_LOADER = "$(TEST_HOST)";
				INFOPLIST_FILE = MGTests/Info.plist;
				LD_RUNPATH_SEARCH_PATHS = "$(inherited) @executable_path/Frameworks @loader_path/Frameworks";
				PRODUCT_BUNDLE_IDENTIFIER = PeanutAndButterGames.MGTests;
				PRODUCT_NAME = "$(TARGET_NAME)";
				SWIFT_VERSION = 3.0;
				TEST_HOST = "$(BUILT_PRODUCTS_DIR)/MG.app/MG";
			};
			name = Release;
		};
		249FE3691F09B5C100B9F3F0 /* Debug */ = {
			isa = XCBuildConfiguration;
			buildSettings = {
				ALWAYS_EMBED_SWIFT_STANDARD_LIBRARIES = YES;
				INFOPLIST_FILE = MGUITests/Info.plist;
				LD_RUNPATH_SEARCH_PATHS = "$(inherited) @executable_path/Frameworks @loader_path/Frameworks";
				PRODUCT_BUNDLE_IDENTIFIER = PeanutAndButterGames.MGUITests;
				PRODUCT_NAME = "$(TARGET_NAME)";
				SWIFT_VERSION = 3.0;
				TEST_TARGET_NAME = MG;
			};
			name = Debug;
		};
		249FE36A1F09B5C100B9F3F0 /* Release */ = {
			isa = XCBuildConfiguration;
			buildSettings = {
				ALWAYS_EMBED_SWIFT_STANDARD_LIBRARIES = YES;
				INFOPLIST_FILE = MGUITests/Info.plist;
				LD_RUNPATH_SEARCH_PATHS = "$(inherited) @executable_path/Frameworks @loader_path/Frameworks";
				PRODUCT_BUNDLE_IDENTIFIER = PeanutAndButterGames.MGUITests;
				PRODUCT_NAME = "$(TARGET_NAME)";
				SWIFT_VERSION = 3.0;
				TEST_TARGET_NAME = MG;
			};
			name = Release;
		};
/* End XCBuildConfiguration section */

/* Begin XCConfigurationList section */
		249FE3331F09B5C100B9F3F0 /* Build configuration list for PBXProject "MG" */ = {
			isa = XCConfigurationList;
			buildConfigurations = (
				249FE3601F09B5C100B9F3F0 /* Debug */,
				249FE3611F09B5C100B9F3F0 /* Release */,
			);
			defaultConfigurationIsVisible = 0;
			defaultConfigurationName = Release;
		};
		249FE3621F09B5C100B9F3F0 /* Build configuration list for PBXNativeTarget "MG" */ = {
			isa = XCConfigurationList;
			buildConfigurations = (
				249FE3631F09B5C100B9F3F0 /* Debug */,
				249FE3641F09B5C100B9F3F0 /* Release */,
			);
			defaultConfigurationIsVisible = 0;
			defaultConfigurationName = Release;
		};
		249FE3651F09B5C100B9F3F0 /* Build configuration list for PBXNativeTarget "MGTests" */ = {
			isa = XCConfigurationList;
			buildConfigurations = (
				249FE3661F09B5C100B9F3F0 /* Debug */,
				249FE3671F09B5C100B9F3F0 /* Release */,
			);
			defaultConfigurationIsVisible = 0;
			defaultConfigurationName = Release;
		};
		249FE3681F09B5C100B9F3F0 /* Build configuration list for PBXNativeTarget "MGUITests" */ = {
			isa = XCConfigurationList;
			buildConfigurations = (
				249FE3691F09B5C100B9F3F0 /* Debug */,
				249FE36A1F09B5C100B9F3F0 /* Release */,
			);
			defaultConfigurationIsVisible = 0;
			defaultConfigurationName = Release;
		};
/* End XCConfigurationList section */
	};
	rootObject = 249FE3301F09B5C100B9F3F0 /* Project object */;
}
